
Microsoft Visual Studio Solution File, Format Version 12.00
# Visual Studio Version 16
VisualStudioVersion = 16.0.31112.23
MinimumVisualStudioVersion = 10.0.40219.1
Project("{8BC9CEB8-8B4A-11D0-8D11-00A0C91BC942}") = "Task4", "Task4\Task4.vcxproj", "{CED73FD9-C05B-42F8-8930-3392AE5862DD}"
EndProject
Global
	GlobalSection(SolutionConfigurationPlatforms) = preSolution
		Debug|x64 = Debug|x64
		Debug|x86 = Debug|x86
		Release|x64 = Release|x64
		Release|x86 = Release|x86
	EndGlobalSection
	GlobalSection(ProjectConfigurationPlatforms) = postSolution
		{CED73FD9-C05B-42F8-8930-3392AE5862DD}.Debug|x64.ActiveCfg = Debug|x64
		{CED73FD9-C05B-42F8-8930-3392AE5862DD}.Debug|x64.Build.0 = Debug|x64
		{CED73FD9-C05B-42F8-8930-3392AE5862DD}.Debug|x86.ActiveCfg = Debug|Win32
		{CED73FD9-C05B-42F8-8930-3392AE5862DD}.Debug|x86.Build.0 = Debug|Win32
		{CED73FD9-C05B-42F8-8930-3392AE5862DD}.Release|x64.ActiveCfg = Release|x64
		{CED73FD9-C05B-42F8-8930-3392AE5862DD}.Release|x64.Build.0 = Release|x64
		{CED73FD9-C05B-42F8-8930-3392AE5862DD}.Release|x86.ActiveCfg = Release|Win32
		{CED73FD9-C05B-42F8-8930-3392AE5862DD}.Release|x86.Build.0 = Release|Win32
	EndGlobalSection
	GlobalSection(SolutionProperties) = preSolution
		HideSolutionNode = FALSE
	EndGlobalSection
	GlobalSection(ExtensibilityGlobals) = postSolution
		SolutionGuid = {2AE5489B-30E5-48AB-A43A-3B97F0013124}
	EndGlobalSection
EndGlobal
