
Microsoft Visual Studio Solution File, Format Version 12.00
# Visual Studio Version 16
VisualStudioVersion = 16.0.33529.622
MinimumVisualStudioVersion = 10.0.40219.1
Project("{8BC9CEB8-8B4A-11D0-8D11-00A0C91BC942}") = "Task22", "Task22\Task22.vcxproj", "{BF21660D-2E84-491D-98B9-4A10C21B3F17}"
EndProject
Global
	GlobalSection(SolutionConfigurationPlatforms) = preSolution
		Debug|x64 = Debug|x64
		Debug|x86 = Debug|x86
		Release|x64 = Release|x64
		Release|x86 = Release|x86
	EndGlobalSection
	GlobalSection(ProjectConfigurationPlatforms) = postSolution
		{BF21660D-2E84-491D-98B9-4A10C21B3F17}.Debug|x64.ActiveCfg = Debug|x64
		{BF21660D-2E84-491D-98B9-4A10C21B3F17}.Debug|x64.Build.0 = Debug|x64
		{BF21660D-2E84-491D-98B9-4A10C21B3F17}.Debug|x86.ActiveCfg = Debug|Win32
		{BF21660D-2E84-491D-98B9-4A10C21B3F17}.Debug|x86.Build.0 = Debug|Win32
		{BF21660D-2E84-491D-98B9-4A10C21B3F17}.Release|x64.ActiveCfg = Release|x64
		{BF21660D-2E84-491D-98B9-4A10C21B3F17}.Release|x64.Build.0 = Release|x64
		{BF21660D-2E84-491D-98B9-4A10C21B3F17}.Release|x86.ActiveCfg = Release|Win32
		{BF21660D-2E84-491D-98B9-4A10C21B3F17}.Release|x86.Build.0 = Release|Win32
	EndGlobalSection
	GlobalSection(SolutionProperties) = preSolution
		HideSolutionNode = FALSE
	EndGlobalSection
	GlobalSection(ExtensibilityGlobals) = postSolution
		SolutionGuid = {8F27D0AE-9482-4EF4-88B2-93A3755CDDAC}
	EndGlobalSection
EndGlobal
