
Microsoft Visual Studio Solution File, Format Version 12.00
# Visual Studio Version 16
VisualStudioVersion = 16.0.31424.327
MinimumVisualStudioVersion = 10.0.40219.1
Project("{8BC9CEB8-8B4A-11D0-8D11-00A0C91BC942}") = "Task21", "Task21\Task21.vcxproj", "{124D23D5-2069-48C2-B688-09932DDBF31F}"
EndProject
Global
	GlobalSection(SolutionConfigurationPlatforms) = preSolution
		Debug|x64 = Debug|x64
		Debug|x86 = Debug|x86
		Release|x64 = Release|x64
		Release|x86 = Release|x86
	EndGlobalSection
	GlobalSection(ProjectConfigurationPlatforms) = postSolution
		{124D23D5-2069-48C2-B688-09932DDBF31F}.Debug|x64.ActiveCfg = Debug|x64
		{124D23D5-2069-48C2-B688-09932DDBF31F}.Debug|x64.Build.0 = Debug|x64
		{124D23D5-2069-48C2-B688-09932DDBF31F}.Debug|x86.ActiveCfg = Debug|Win32
		{124D23D5-2069-48C2-B688-09932DDBF31F}.Debug|x86.Build.0 = Debug|Win32
		{124D23D5-2069-48C2-B688-09932DDBF31F}.Release|x64.ActiveCfg = Release|x64
		{124D23D5-2069-48C2-B688-09932DDBF31F}.Release|x64.Build.0 = Release|x64
		{124D23D5-2069-48C2-B688-09932DDBF31F}.Release|x86.ActiveCfg = Release|Win32
		{124D23D5-2069-48C2-B688-09932DDBF31F}.Release|x86.Build.0 = Release|Win32
	EndGlobalSection
	GlobalSection(SolutionProperties) = preSolution
		HideSolutionNode = FALSE
	EndGlobalSection
	GlobalSection(ExtensibilityGlobals) = postSolution
		SolutionGuid = {38AEDBC5-AACB-4C8D-A820-2B907C892A06}
	EndGlobalSection
EndGlobal
