
Microsoft Visual Studio Solution File, Format Version 12.00
# Visual Studio Version 16
VisualStudioVersion = 16.0.32002.261
MinimumVisualStudioVersion = 10.0.40219.1
Project("{8BC9CEB8-8B4A-11D0-8D11-00A0C91BC942}") = "Task2", "Task2\Task2.vcxproj", "{F75E63B0-7CA1-4CFA-99A6-6EF21581BB81}"
EndProject
Global
	GlobalSection(SolutionConfigurationPlatforms) = preSolution
		Debug|x64 = Debug|x64
		Debug|x86 = Debug|x86
		Release|x64 = Release|x64
		Release|x86 = Release|x86
	EndGlobalSection
	GlobalSection(ProjectConfigurationPlatforms) = postSolution
		{F75E63B0-7CA1-4CFA-99A6-6EF21581BB81}.Debug|x64.ActiveCfg = Debug|x64
		{F75E63B0-7CA1-4CFA-99A6-6EF21581BB81}.Debug|x64.Build.0 = Debug|x64
		{F75E63B0-7CA1-4CFA-99A6-6EF21581BB81}.Debug|x86.ActiveCfg = Debug|Win32
		{F75E63B0-7CA1-4CFA-99A6-6EF21581BB81}.Debug|x86.Build.0 = Debug|Win32
		{F75E63B0-7CA1-4CFA-99A6-6EF21581BB81}.Release|x64.ActiveCfg = Release|x64
		{F75E63B0-7CA1-4CFA-99A6-6EF21581BB81}.Release|x64.Build.0 = Release|x64
		{F75E63B0-7CA1-4CFA-99A6-6EF21581BB81}.Release|x86.ActiveCfg = Release|Win32
		{F75E63B0-7CA1-4CFA-99A6-6EF21581BB81}.Release|x86.Build.0 = Release|Win32
	EndGlobalSection
	GlobalSection(SolutionProperties) = preSolution
		HideSolutionNode = FALSE
	EndGlobalSection
	GlobalSection(ExtensibilityGlobals) = postSolution
		SolutionGuid = {6DAD0DD6-6B01-4EE1-A788-84748CA33E2A}
	EndGlobalSection
EndGlobal
