
Microsoft Visual Studio Solution File, Format Version 12.00
# Visual Studio Version 16
VisualStudioVersion = 16.0.31112.23
MinimumVisualStudioVersion = 10.0.40219.1
Project("{8BC9CEB8-8B4A-11D0-8D11-00A0C91BC942}") = "Task5", "Task5\Task5.vcxproj", "{AA36B1A5-95AE-4997-8085-D52626AFAA60}"
EndProject
Global
	GlobalSection(SolutionConfigurationPlatforms) = preSolution
		Debug|x64 = Debug|x64
		Debug|x86 = Debug|x86
		Release|x64 = Release|x64
		Release|x86 = Release|x86
	EndGlobalSection
	GlobalSection(ProjectConfigurationPlatforms) = postSolution
		{AA36B1A5-95AE-4997-8085-D52626AFAA60}.Debug|x64.ActiveCfg = Debug|x64
		{AA36B1A5-95AE-4997-8085-D52626AFAA60}.Debug|x64.Build.0 = Debug|x64
		{AA36B1A5-95AE-4997-8085-D52626AFAA60}.Debug|x86.ActiveCfg = Debug|Win32
		{AA36B1A5-95AE-4997-8085-D52626AFAA60}.Debug|x86.Build.0 = Debug|Win32
		{AA36B1A5-95AE-4997-8085-D52626AFAA60}.Release|x64.ActiveCfg = Release|x64
		{AA36B1A5-95AE-4997-8085-D52626AFAA60}.Release|x64.Build.0 = Release|x64
		{AA36B1A5-95AE-4997-8085-D52626AFAA60}.Release|x86.ActiveCfg = Release|Win32
		{AA36B1A5-95AE-4997-8085-D52626AFAA60}.Release|x86.Build.0 = Release|Win32
	EndGlobalSection
	GlobalSection(SolutionProperties) = preSolution
		HideSolutionNode = FALSE
	EndGlobalSection
	GlobalSection(ExtensibilityGlobals) = postSolution
		SolutionGuid = {2815F155-888B-48EC-9AF9-2BB39E4770E8}
	EndGlobalSection
EndGlobal
