
Microsoft Visual Studio Solution File, Format Version 12.00
# Visual Studio Version 17
VisualStudioVersion = 17.6.33815.320
MinimumVisualStudioVersion = 10.0.40219.1
Project("{8BC9CEB8-8B4A-11D0-8D11-00A0C91BC942}") = "Task80", "Task80\Task80.vcxproj", "{663A5CCC-0973-4983-A25E-3BCF8C87D9FB}"
EndProject
Global
	GlobalSection(SolutionConfigurationPlatforms) = preSolution
		Debug|x64 = Debug|x64
		Debug|x86 = Debug|x86
		Release|x64 = Release|x64
		Release|x86 = Release|x86
	EndGlobalSection
	GlobalSection(ProjectConfigurationPlatforms) = postSolution
		{663A5CCC-0973-4983-A25E-3BCF8C87D9FB}.Debug|x64.ActiveCfg = Debug|x64
		{663A5CCC-0973-4983-A25E-3BCF8C87D9FB}.Debug|x64.Build.0 = Debug|x64
		{663A5CCC-0973-4983-A25E-3BCF8C87D9FB}.Debug|x86.ActiveCfg = Debug|Win32
		{663A5CCC-0973-4983-A25E-3BCF8C87D9FB}.Debug|x86.Build.0 = Debug|Win32
		{663A5CCC-0973-4983-A25E-3BCF8C87D9FB}.Release|x64.ActiveCfg = Release|x64
		{663A5CCC-0973-4983-A25E-3BCF8C87D9FB}.Release|x64.Build.0 = Release|x64
		{663A5CCC-0973-4983-A25E-3BCF8C87D9FB}.Release|x86.ActiveCfg = Release|Win32
		{663A5CCC-0973-4983-A25E-3BCF8C87D9FB}.Release|x86.Build.0 = Release|Win32
	EndGlobalSection
	GlobalSection(SolutionProperties) = preSolution
		HideSolutionNode = FALSE
	EndGlobalSection
	GlobalSection(ExtensibilityGlobals) = postSolution
		SolutionGuid = {5473141F-7C4C-4A56-9696-EA8AE30E2833}
	EndGlobalSection
EndGlobal
